
Microsoft Visual Studio Solution File, Format Version 12.00
# Visual Studio 15
VisualStudioVersion = 15.0.28307.705
MinimumVisualStudioVersion = 10.0.40219.1
Project("{9A19103F-16F7-4668-BE54-9A1E7A4F7556}") = "MunicipalityTaxes", "MunicipalityTaxes\MunicipalityTaxes.csproj", "{4B94DEA7-3D85-4CD1-A969-B53BFE5F92AA}"
	ProjectSection(ProjectDependencies) = postProject
		{536129A3-E19B-4B3C-B2C4-677281467030} = {536129A3-E19B-4B3C-B2C4-677281467030}
	EndProjectSection
EndProject
Project("{9A19103F-16F7-4668-BE54-9A1E7A4F7556}") = "AppLibrary", "AppLibrary\AppLibrary.csproj", "{63DBE1D3-DD7D-491B-B84E-3D4A917C4FD8}"
EndProject
Project("{9A19103F-16F7-4668-BE54-9A1E7A4F7556}") = "MunicipalityTaxesLogWebAPI", "MunicipalityTaxesLogWebAPI\MunicipalityTaxesLogWebAPI.csproj", "{536129A3-E19B-4B3C-B2C4-677281467030}"
EndProject
Project("{FAE04EC0-301F-11D3-BF4B-00C04F79EFBC}") = "Municipality.Tests", "Municipality.Tests\Municipality.Tests.csproj", "{90BB6162-0B0E-4131-8832-AB29AE715B88}"
EndProject
Global
	GlobalSection(SolutionConfigurationPlatforms) = preSolution
		Debug|Any CPU = Debug|Any CPU
		Release|Any CPU = Release|Any CPU
	EndGlobalSection
	GlobalSection(ProjectConfigurationPlatforms) = postSolution
		{4B94DEA7-3D85-4CD1-A969-B53BFE5F92AA}.Debug|Any CPU.ActiveCfg = Debug|Any CPU
		{4B94DEA7-3D85-4CD1-A969-B53BFE5F92AA}.Debug|Any CPU.Build.0 = Debug|Any CPU
		{4B94DEA7-3D85-4CD1-A969-B53BFE5F92AA}.Release|Any CPU.ActiveCfg = Release|Any CPU
		{4B94DEA7-3D85-4CD1-A969-B53BFE5F92AA}.Release|Any CPU.Build.0 = Release|Any CPU
		{63DBE1D3-DD7D-491B-B84E-3D4A917C4FD8}.Debug|Any CPU.ActiveCfg = Debug|Any CPU
		{63DBE1D3-DD7D-491B-B84E-3D4A917C4FD8}.Debug|Any CPU.Build.0 = Debug|Any CPU
		{63DBE1D3-DD7D-491B-B84E-3D4A917C4FD8}.Release|Any CPU.ActiveCfg = Release|Any CPU
		{63DBE1D3-DD7D-491B-B84E-3D4A917C4FD8}.Release|Any CPU.Build.0 = Release|Any CPU
		{536129A3-E19B-4B3C-B2C4-677281467030}.Debug|Any CPU.ActiveCfg = Debug|Any CPU
		{536129A3-E19B-4B3C-B2C4-677281467030}.Debug|Any CPU.Build.0 = Debug|Any CPU
		{536129A3-E19B-4B3C-B2C4-677281467030}.Release|Any CPU.ActiveCfg = Release|Any CPU
		{536129A3-E19B-4B3C-B2C4-677281467030}.Release|Any CPU.Build.0 = Release|Any CPU
		{90BB6162-0B0E-4131-8832-AB29AE715B88}.Debug|Any CPU.ActiveCfg = Debug|Any CPU
		{90BB6162-0B0E-4131-8832-AB29AE715B88}.Debug|Any CPU.Build.0 = Debug|Any CPU
		{90BB6162-0B0E-4131-8832-AB29AE715B88}.Release|Any CPU.ActiveCfg = Release|Any CPU
		{90BB6162-0B0E-4131-8832-AB29AE715B88}.Release|Any CPU.Build.0 = Release|Any CPU
	EndGlobalSection
	GlobalSection(SolutionProperties) = preSolution
		HideSolutionNode = FALSE
	EndGlobalSection
	GlobalSection(ExtensibilityGlobals) = postSolution
		SolutionGuid = {E8BDC7EA-2AD5-4106-A81C-A983751BE616}
	EndGlobalSection
EndGlobal
